
Microsoft Visual Studio Solution File, Format Version 11.00
# Visual C# Express 2010
Project("{FAE04EC0-301F-11D3-BF4B-00C04F79EFBC}") = "sum", "chapter 4\sum.csproj", "{0D1C1A4D-D4A9-4915-A595-0EF4107E3BC7}"
EndProject
Project("{FAE04EC0-301F-11D3-BF4B-00C04F79EFBC}") = "payrate", "ConsoleApplication1\payrate.csproj", "{0F858C91-C80D-4D0B-98CE-F766FD85E429}"
EndProject
Project("{FAE04EC0-301F-11D3-BF4B-00C04F79EFBC}") = "vowel", "ConsoleApplication2\vowel.csproj", "{E80AF443-C3A6-4805-A477-3E6353430DC7}"
EndProject
Project("{FAE04EC0-301F-11D3-BF4B-00C04F79EFBC}") = "multiplication", "ConsoleApplication3\multiplication.csproj", "{BC05304D-81D1-4843-9736-15861885ABEE}"
EndProject
Project("{FAE04EC0-301F-11D3-BF4B-00C04F79EFBC}") = "even numbers", "ConsoleApplication4\even numbers.csproj", "{F978C72D-0CF8-4ACE-8E9D-B697F8F351C1}"
EndProject
Project("{FAE04EC0-301F-11D3-BF4B-00C04F79EFBC}") = "Table of squares", "ConsoleApplication5\Table of squares.csproj", "{671442EF-94E6-484A-818E-038B700C3B6A}"
EndProject
Project("{FAE04EC0-301F-11D3-BF4B-00C04F79EFBC}") = "sum50", "ConsoleApplication6\sum50.csproj", "{1C0FA58C-69FC-4DEE-B47A-3AA8F0D0486E}"
EndProject
Global
	GlobalSection(SolutionConfigurationPlatforms) = preSolution
		Debug|x86 = Debug|x86
		Release|x86 = Release|x86
	EndGlobalSection
	GlobalSection(ProjectConfigurationPlatforms) = postSolution
		{0D1C1A4D-D4A9-4915-A595-0EF4107E3BC7}.Debug|x86.ActiveCfg = Debug|x86
		{0D1C1A4D-D4A9-4915-A595-0EF4107E3BC7}.Debug|x86.Build.0 = Debug|x86
		{0D1C1A4D-D4A9-4915-A595-0EF4107E3BC7}.Release|x86.ActiveCfg = Release|x86
		{0D1C1A4D-D4A9-4915-A595-0EF4107E3BC7}.Release|x86.Build.0 = Release|x86
		{0F858C91-C80D-4D0B-98CE-F766FD85E429}.Debug|x86.ActiveCfg = Debug|x86
		{0F858C91-C80D-4D0B-98CE-F766FD85E429}.Debug|x86.Build.0 = Debug|x86
		{0F858C91-C80D-4D0B-98CE-F766FD85E429}.Release|x86.ActiveCfg = Release|x86
		{0F858C91-C80D-4D0B-98CE-F766FD85E429}.Release|x86.Build.0 = Release|x86
		{E80AF443-C3A6-4805-A477-3E6353430DC7}.Debug|x86.ActiveCfg = Debug|x86
		{E80AF443-C3A6-4805-A477-3E6353430DC7}.Debug|x86.Build.0 = Debug|x86
		{E80AF443-C3A6-4805-A477-3E6353430DC7}.Release|x86.ActiveCfg = Release|x86
		{E80AF443-C3A6-4805-A477-3E6353430DC7}.Release|x86.Build.0 = Release|x86
		{BC05304D-81D1-4843-9736-15861885ABEE}.Debug|x86.ActiveCfg = Debug|x86
		{BC05304D-81D1-4843-9736-15861885ABEE}.Debug|x86.Build.0 = Debug|x86
		{BC05304D-81D1-4843-9736-15861885ABEE}.Release|x86.ActiveCfg = Release|x86
		{BC05304D-81D1-4843-9736-15861885ABEE}.Release|x86.Build.0 = Release|x86
		{F978C72D-0CF8-4ACE-8E9D-B697F8F351C1}.Debug|x86.ActiveCfg = Debug|x86
		{F978C72D-0CF8-4ACE-8E9D-B697F8F351C1}.Debug|x86.Build.0 = Debug|x86
		{F978C72D-0CF8-4ACE-8E9D-B697F8F351C1}.Release|x86.ActiveCfg = Release|x86
		{F978C72D-0CF8-4ACE-8E9D-B697F8F351C1}.Release|x86.Build.0 = Release|x86
		{671442EF-94E6-484A-818E-038B700C3B6A}.Debug|x86.ActiveCfg = Debug|x86
		{671442EF-94E6-484A-818E-038B700C3B6A}.Debug|x86.Build.0 = Debug|x86
		{671442EF-94E6-484A-818E-038B700C3B6A}.Release|x86.ActiveCfg = Release|x86
		{671442EF-94E6-484A-818E-038B700C3B6A}.Release|x86.Build.0 = Release|x86
		{1C0FA58C-69FC-4DEE-B47A-3AA8F0D0486E}.Debug|x86.ActiveCfg = Debug|x86
		{1C0FA58C-69FC-4DEE-B47A-3AA8F0D0486E}.Debug|x86.Build.0 = Debug|x86
		{1C0FA58C-69FC-4DEE-B47A-3AA8F0D0486E}.Release|x86.ActiveCfg = Release|x86
		{1C0FA58C-69FC-4DEE-B47A-3AA8F0D0486E}.Release|x86.Build.0 = Release|x86
	EndGlobalSection
	GlobalSection(SolutionProperties) = preSolution
		HideSolutionNode = FALSE
	EndGlobalSection
EndGlobal
